
Microsoft Visual Studio Solution File, Format Version 12.00
# Visual Studio 14
VisualStudioVersion = 14.0.25123.0
MinimumVisualStudioVersion = 10.0.40219.1
Project("{FAE04EC0-301F-11D3-BF4B-00C04F79EFBC}") = "TheSportStore", "TheSportStore\TheSportStore.csproj", "{0395C68B-01D9-4688-945B-6461DC64CE24}"
EndProject
Project("{FAE04EC0-301F-11D3-BF4B-00C04F79EFBC}") = "TheSportStore.Tests", "TheSportStore.Tests\TheSportStore.Tests.csproj", "{5E4087E4-6023-4261-A97F-282A076C13F7}"
EndProject
Global
	GlobalSection(SolutionConfigurationPlatforms) = preSolution
		Debug|Any CPU = Debug|Any CPU
		Release|Any CPU = Release|Any CPU
	EndGlobalSection
	GlobalSection(ProjectConfigurationPlatforms) = postSolution
		{0395C68B-01D9-4688-945B-6461DC64CE24}.Debug|Any CPU.ActiveCfg = Debug|Any CPU
		{0395C68B-01D9-4688-945B-6461DC64CE24}.Debug|Any CPU.Build.0 = Debug|Any CPU
		{0395C68B-01D9-4688-945B-6461DC64CE24}.Release|Any CPU.ActiveCfg = Release|Any CPU
		{0395C68B-01D9-4688-945B-6461DC64CE24}.Release|Any CPU.Build.0 = Release|Any CPU
		{5E4087E4-6023-4261-A97F-282A076C13F7}.Debug|Any CPU.ActiveCfg = Debug|Any CPU
		{5E4087E4-6023-4261-A97F-282A076C13F7}.Debug|Any CPU.Build.0 = Debug|Any CPU
		{5E4087E4-6023-4261-A97F-282A076C13F7}.Release|Any CPU.ActiveCfg = Release|Any CPU
		{5E4087E4-6023-4261-A97F-282A076C13F7}.Release|Any CPU.Build.0 = Release|Any CPU
	EndGlobalSection
	GlobalSection(SolutionProperties) = preSolution
		HideSolutionNode = FALSE
	EndGlobalSection
EndGlobal
